<?xml version="1.0" encoding="utf-8"?>
<Project ToolsVersion="4.0" xmlns="http://schemas.microsoft.com/developer/msbuild/2003">
  <ItemGroup>
    <Filter Include="Source Files">
      <UniqueIdentifier>{4FC737F1-C7A5-4376-A066-2A32D752A2FF}</UniqueIdentifier>
      <Extensions>cpp;c;cc;cxx;def;odl;idl;hpj;bat;asm;asmx</Extensions>
    </Filter>
    <Filter Include="Header Files">
      <UniqueIdentifier>{93995380-89BD-4b04-88EB-625FBE52EBFB}</UniqueIdentifier>
      <Extensions>h;hpp;hxx;hm;inl;inc;xsd</Extensions>
    </Filter>
    <Filter Include="Resource Files">
      <UniqueIdentifier>{67DA6AB6-F800-4c08-8B7A-83BB121AAD01}</UniqueIdentifier>
      <Extensions>rc;ico;cur;bmp;dlg;rc2;rct;bin;rgs;gif;jpg;jpeg;jpe;resx;tiff;tif;png;wav</Extensions>
    </Filter>
    <Filter Include="shared">
      <UniqueIdentifier>{c098e142-0d42-424f-88c4-3a31158fd999}</UniqueIdentifier>
    </Filter>
    <Filter Include="shared\common algorithms">
      <UniqueIdentifier>{ed020787-7bd7-47d7-b699-61220b603c00}</UniqueIdentifier>
    </Filter>
    <Filter Include="shared\new_vis_graph">
      <UniqueIdentifier>{b72dfa28-7557-4a9c-ac38-b72349d1edf0}</UniqueIdentifier>
    </Filter>
  </ItemGroup>
  <ItemGroup>
    <ClCompile Include="stdafx.cpp">
      <Filter>Source Files</Filter>
    </ClCompile>
    <ClCompile Include="visualizer_client.cpp">
      <Filter>Source Files</Filter>
    </ClCompile>
  </ItemGroup>
  <ItemGroup>
    <ClInclude Include="stdafx.h">
      <Filter>Header Files</Filter>
    </ClInclude>
    <ClInclude Include="visualizer_client.h">
      <Filter>Header Files</Filter>
    </ClInclude>
    <ClInclude Include="..\shared\client.h">
      <Filter>shared</Filter>
    </ClInclude>
    <ClInclude Include="..\shared\common.h">
      <Filter>shared</Filter>
    </ClInclude>
    <ClInclude Include="..\shared\coord.h">
      <Filter>shared</Filter>
    </ClInclude>
    <ClInclude Include="..\shared\draw_scope.h">
      <Filter>shared</Filter>
    </ClInclude>
    <ClInclude Include="..\shared\loader.h">
      <Filter>shared</Filter>
    </ClInclude>
    <ClInclude Include="..\shared\new_vis_graph.h">
      <Filter>shared</Filter>
    </ClInclude>
    <ClInclude Include="..\shared\visualizer.h">
      <Filter>shared</Filter>
    </ClInclude>
    <ClInclude Include="..\shared\common_algorithms\dijkstra.h">
      <Filter>shared\common algorithms</Filter>
    </ClInclude>
    <ClInclude Include="..\shared\common_algorithms\my_heap.h">
      <Filter>shared\common algorithms</Filter>
    </ClInclude>
    <ClInclude Include="..\shared\common_algorithms\path.h">
      <Filter>shared\common algorithms</Filter>
    </ClInclude>
    <ClInclude Include="..\shared\new_vis_graph\edge.h">
      <Filter>shared\new_vis_graph</Filter>
    </ClInclude>
    <ClInclude Include="..\shared\new_vis_graph\graph.h">
      <Filter>shared\new_vis_graph</Filter>
    </ClInclude>
    <ClInclude Include="..\shared\new_vis_graph\vertex.h">
      <Filter>shared\new_vis_graph</Filter>
    </ClInclude>
    <ClInclude Include="..\shared\algorithm.h">
      <Filter>shared</Filter>
    </ClInclude>
  </ItemGroup>
</Project>